{
  "name": "@react-native-oh-library/audio-toolkit",
  "version": "2.0.3-0.0.2",
  "lockfileVersion": 3,
  "requires": true,
  "packages": {
    "": {
      "name": "@react-native-oh-library/audio-toolkit",
      "version": "2.0.3-0.0.2",
      "license": "MIT",
      "dependencies": {
        "@react-native-community/audio-toolkit": "2.0.3",
        "async": "^2.6.3",
        "eventemitter3": "^1.2.0",
        "lodash": "^4.17.19"
      }
    },
    "node_modules/@react-native-community/audio-toolkit": {
      "version": "2.0.3",
      "resolved": "https://registry.npmjs.org/@react-native-community/audio-toolkit/-/audio-toolkit-2.0.3.tgz",
      "integrity": "sha512-l1LuCvTAO+RBJQicLhe3uYyifozIK1bsl6DqGlBLeO8ofKd05f+3rsE8Iz80eir5rJh4y5Dw2Gao2c0SjcgwAA==",
      "dependencies": {
        "async": "^2.6.3",
        "eventemitter3": "^1.2.0",
        "lodash": "^4.17.15"
      }
    },
    "node_modules/async": {
      "version": "2.6.4",
      "resolved": "https://registry.npmjs.org/async/-/async-2.6.4.tgz",
      "integrity": "sha512-mzo5dfJYwAn29PeiJ0zvwTo04zj8HDJj0Mn8TD7sno7q12prdbnasKJHhkm2c1LgrhlJ0teaea8860oxi51mGA==",
      "dependencies": {
        "lodash": "^4.17.14"
      }
    },
    "node_modules/eventemitter3": {
      "version": "1.2.0",
      "resolved": "https://registry.npmjs.org/eventemitter3/-/eventemitter3-1.2.0.tgz",
      "integrity": "sha512-DOFqA1MF46fmZl2xtzXR3MPCRsXqgoFqdXcrCVYM3JNnfUeHTm/fh/v/iU7gBFpwkuBmoJPAm5GuhdDfSEJMJA=="
    },
    "node_modules/lodash": {
      "version": "4.17.21",
      "resolved": "https://registry.npmjs.org/lodash/-/lodash-4.17.21.tgz",
      "integrity": "sha512-v2kDEe57lecTulaDIuNTPy3Ry4gLGJ6Z1O3vE1krgXZNrsQ+LFTGHVxVjcXPs17LhbZVGedAJv8XZ1tvj5FvSg=="
    }
  }
}
